
Microsoft Visual Studio Solution File, Format Version 12.00
# Visual Studio Version 16
VisualStudioVersion = 16.0.34031.81
MinimumVisualStudioVersion = 10.0.40219.1
Project("{FAE04EC0-301F-11D3-BF4B-00C04F79EFBC}") = "exo 2 PPo", "exo 2 PPo\exo 2 PPo.csproj", "{9E585E57-7B9B-4F4A-885F-5800DA1EBA51}"
EndProject
Global
	GlobalSection(SolutionConfigurationPlatforms) = preSolution
		Debug|Any CPU = Debug|Any CPU
		Release|Any CPU = Release|Any CPU
	EndGlobalSection
	GlobalSection(ProjectConfigurationPlatforms) = postSolution
		{9E585E57-7B9B-4F4A-885F-5800DA1EBA51}.Debug|Any CPU.ActiveCfg = Debug|Any CPU
		{9E585E57-7B9B-4F4A-885F-5800DA1EBA51}.Debug|Any CPU.Build.0 = Debug|Any CPU
		{9E585E57-7B9B-4F4A-885F-5800DA1EBA51}.Release|Any CPU.ActiveCfg = Release|Any CPU
		{9E585E57-7B9B-4F4A-885F-5800DA1EBA51}.Release|Any CPU.Build.0 = Release|Any CPU
	EndGlobalSection
	GlobalSection(SolutionProperties) = preSolution
		HideSolutionNode = FALSE
	EndGlobalSection
	GlobalSection(ExtensibilityGlobals) = postSolution
		SolutionGuid = {7286FA08-E62D-4A74-89B2-B4750D646907}
	EndGlobalSection
EndGlobal
